
Microsoft Visual Studio Solution File, Format Version 12.00
# Visual Studio Version 17
VisualStudioVersion = 17.5.002.0
MinimumVisualStudioVersion = 10.0.40219.1
Project("{9A19103F-16F7-4668-BE54-9A1E7A4F7556}") = "DojoSurveyWithModel", "DojoSurveyWithModel.csproj", "{6A10B91E-7D12-432E-87B6-F96FA82AAC9A}"
EndProject
Global
	GlobalSection(SolutionConfigurationPlatforms) = preSolution
		Debug|Any CPU = Debug|Any CPU
		Release|Any CPU = Release|Any CPU
	EndGlobalSection
	GlobalSection(ProjectConfigurationPlatforms) = postSolution
		{6A10B91E-7D12-432E-87B6-F96FA82AAC9A}.Debug|Any CPU.ActiveCfg = Debug|Any CPU
		{6A10B91E-7D12-432E-87B6-F96FA82AAC9A}.Debug|Any CPU.Build.0 = Debug|Any CPU
		{6A10B91E-7D12-432E-87B6-F96FA82AAC9A}.Release|Any CPU.ActiveCfg = Release|Any CPU
		{6A10B91E-7D12-432E-87B6-F96FA82AAC9A}.Release|Any CPU.Build.0 = Release|Any CPU
	EndGlobalSection
	GlobalSection(SolutionProperties) = preSolution
		HideSolutionNode = FALSE
	EndGlobalSection
	GlobalSection(ExtensibilityGlobals) = postSolution
		SolutionGuid = {4850A679-823D-470C-8B7C-57E6017D377E}
	EndGlobalSection
EndGlobal
